
Microsoft Visual Studio Solution File, Format Version 12.00
# Visual Studio 15
VisualStudioVersion = 15.0.28010.2048
MinimumVisualStudioVersion = 10.0.40219.1
Project("{FAE04EC0-301F-11D3-BF4B-00C04F79EFBC}") = "WebApplication75", "WebApplication75\WebApplication75.csproj", "{45191062-9888-4393-9016-F9A2B870776A}"
EndProject
Global
	GlobalSection(SolutionConfigurationPlatforms) = preSolution
		Debug|Any CPU = Debug|Any CPU
		Release|Any CPU = Release|Any CPU
	EndGlobalSection
	GlobalSection(ProjectConfigurationPlatforms) = postSolution
		{45191062-9888-4393-9016-F9A2B870776A}.Debug|Any CPU.ActiveCfg = Debug|Any CPU
		{45191062-9888-4393-9016-F9A2B870776A}.Debug|Any CPU.Build.0 = Debug|Any CPU
		{45191062-9888-4393-9016-F9A2B870776A}.Release|Any CPU.ActiveCfg = Release|Any CPU
		{45191062-9888-4393-9016-F9A2B870776A}.Release|Any CPU.Build.0 = Release|Any CPU
	EndGlobalSection
	GlobalSection(SolutionProperties) = preSolution
		HideSolutionNode = FALSE
	EndGlobalSection
	GlobalSection(ExtensibilityGlobals) = postSolution
		SolutionGuid = {2D1E5ACB-6A69-4A14-8EF6-AD2B4B8622B4}
	EndGlobalSection
EndGlobal
